PODS:
  - AppCenter (3.1.0):
    - AppCenter/Analytics (= 3.1.0)
    - AppCenter/Crashes (= 3.1.0)
  - AppCenter/Analytics (3.1.0):
    - AppCenter/Core
  - AppCenter/Core (3.1.0)
  - AppCenter/Crashes (3.1.0):
    - AppCenter/Core
  - mopub-ios-sdk (5.12.0):
    - mopub-ios-sdk/MoPubSDK (= 5.12.0)
  - mopub-ios-sdk/Avid (5.12.0):
    - mopub-ios-sdk/Core
  - mopub-ios-sdk/Core (5.12.0)
  - mopub-ios-sdk/Moat (5.12.0):
    - mopub-ios-sdk/Core
  - mopub-ios-sdk/MoPubSDK (5.12.0):
    - mopub-ios-sdk/Avid
    - mopub-ios-sdk/Core
    - mopub-ios-sdk/Moat
    - mopub-ios-sdk/NativeAds
  - mopub-ios-sdk/NativeAds (5.12.0):
    - mopub-ios-sdk/Core
  - YumiMobileAds (1.0.1)

DEPENDENCIES:
  - AppCenter
  - mopub-ios-sdk
  - YumiMobileAds (from `../`)

SPEC REPOS:
  trunk:
    - AppCenter
    - mopub-ios-sdk

EXTERNAL SOURCES:
  YumiMobileAds:
    :path: "../"

SPEC CHECKSUMS:
  AppCenter: a1c30c47b7882a04a615ffa5ab26c007326436d8
  mopub-ios-sdk: bb61d5741ba16c6a78e5a54e37bc60ef8c9a80a8
  YumiMobileAds: 394cf71012f02f2f738840a8db6dcb9433dd2960

PODFILE CHECKSUM: a7de162a30d14fac8250dce26bf534d8a0a383fd

COCOAPODS: 1.9.0
