PODS:
  - AppCenter (2.0.1):
    - AppCenter/Analytics (= 2.0.1)
    - AppCenter/Crashes (= 2.0.1)
  - AppCenter/Analytics (2.0.1):
    - AppCenter/Core
  - AppCenter/Core (2.0.1)
  - AppCenter/Crashes (2.0.1):
    - AppCenter/Core
  - mopub-ios-sdk (5.7.1):
    - mopub-ios-sdk/MoPubSDK (= 5.7.1)
  - mopub-ios-sdk/Avid (5.7.1):
    - mopub-ios-sdk/Core
  - mopub-ios-sdk/Core (5.7.1)
  - mopub-ios-sdk/Moat (5.7.1):
    - mopub-ios-sdk/Core
  - mopub-ios-sdk/MoPubSDK (5.7.1):
    - mopub-ios-sdk/Avid
    - mopub-ios-sdk/Core
    - mopub-ios-sdk/Moat
  - YumiMobileAds (1.0.1)

DEPENDENCIES:
  - AppCenter
  - mopub-ios-sdk
  - YumiMobileAds (from `../`)

SPEC REPOS:
  trunk:
    - AppCenter
    - mopub-ios-sdk

EXTERNAL SOURCES:
  YumiMobileAds:
    :path: "../"

SPEC CHECKSUMS:
  AppCenter: 6a5ff2fd007b53431259fdd74f91eb3d0dfea3d1
  mopub-ios-sdk: b1167e8c86afaccd37d484828c4ad2c3c1656a32
  YumiMobileAds: 394cf71012f02f2f738840a8db6dcb9433dd2960

PODFILE CHECKSUM: a7de162a30d14fac8250dce26bf534d8a0a383fd

COCOAPODS: 1.9.0
